
Microsoft Visual Studio Solution File, Format Version 12.00
Project("{FAE04EC0-301F-11D3-BF4B-00C04F79EFBC}") = "NugetWithGithubActions", "src/NugetWithGithubActions.csproj", "{2F562A3B-BF7A-421F-8FFF-D30F67EE6B03}"
EndProject
Project("{2150E333-8FDC-42A3-9474-1A3956D46DE8}") = "src", "src", "{A3861DD6-5226-4148-855C-B91B7CB86125}"
EndProject
Global
	GlobalSection(SolutionConfigurationPlatforms) = preSolution
		Debug|Any CPU = Debug|Any CPU
		Release|Any CPU = Release|Any CPU
	EndGlobalSection
	GlobalSection(ProjectConfigurationPlatforms) = postSolution
		{2F562A3B-BF7A-421F-8FFF-D30F67EE6B03}.Debug|Any CPU.ActiveCfg = Debug|Any CPU
		{2F562A3B-BF7A-421F-8FFF-D30F67EE6B03}.Debug|Any CPU.Build.0 = Debug|Any CPU
		{2F562A3B-BF7A-421F-8FFF-D30F67EE6B03}.Release|Any CPU.ActiveCfg = Release|Any CPU
		{2F562A3B-BF7A-421F-8FFF-D30F67EE6B03}.Release|Any CPU.Build.0 = Release|Any CPU
	EndGlobalSection
	GlobalSection(NestedProjects) = preSolution
		{2F562A3B-BF7A-421F-8FFF-D30F67EE6B03} = {A3861DD6-5226-4148-855C-B91B7CB86125}
	EndGlobalSection
EndGlobal
